<?xml version="1.0" encoding="UTF-8" standalone="yes" ?>
<CodeBlocks_project_file>
	<FileVersion major="1" minor="6" />
	<Project>
		<Option title="GameEngine" />
		<Option pch_mode="2" />
		<Option compiler="gcc" />
		<Build>
			<Target title="Debug">
				<Option output="bin/Debug/sfml3" prefix_auto="1" extension_auto="1" />
				<Option object_output="obj/Debug/" />
				<Option type="1" />
				<Option compiler="gcc" />
				<Compiler>
					<Add option="-g" />
					<Add option="-static-libgcc" />
					<Add directory="../lib/sfml/include" />
					<Add directory="include" />
					<Add directory="include/Entity" />
				</Compiler>
				<Linker>
					<Add library="sfml-graphics-d" />
					<Add library="sfml-window-d" />
					<Add library="sfml-system-d" />
					<Add library="sfml-audio-d" />
					<Add directory="../lib/sfml/lib" />
				</Linker>
			</Target>
			<Target title="Release">
				<Option output="bin/Release/sfml1" prefix_auto="1" extension_auto="1" />
				<Option object_output="obj/Release/" />
				<Option type="0" />
				<Option compiler="gcc" />
				<Compiler>
					<Add option="-O2" />
					<Add directory="../lib/sfml/include" />
					<Add directory="include" />
					<Add directory="include/Entity" />
				</Compiler>
				<Linker>
					<Add option="-s" />
					<Add library="sfml-graphics" />
					<Add library="sfml-window" />
					<Add library="sfml-system" />
					<Add library="sfml-audio" />
					<Add directory="../lib/sfml/lib" />
				</Linker>
			</Target>
		</Build>
		<Compiler>
			<Add option="-Wall" />
			<Add directory="G:/+ 00 + Projects/C++/FinalYearProject/lib/sfml/include" />
			<Add directory="../lib/lua/include" />
		</Compiler>
		<Linker>
			<Add library="mingw32" />
			<Add library="user32" />
			<Add library="gdi32" />
			<Add library="winmm" />
			<Add library="dxguid" />
			<Add library="../lib/lua/liblua53.a" />
			<Add directory="G:/+ 00 + Projects/C++/FinalYearProject/lib/sfml/lib" />
		</Linker>
		<Unit filename="include/Animation.h" />
		<Unit filename="include/Entity/Animatable.h" />
		<Unit filename="include/Entity/Drawable.h" />
		<Unit filename="include/Entity/Point.h" />
		<Unit filename="include/Entity/Sound.h" />
		<Unit filename="include/Global.h" />
		<Unit filename="include/InputManager.h" />
		<Unit filename="include/LuaState.h" />
		<Unit filename="include/Lua/L_Animation.h" />
		<Unit filename="include/Lua/L_Drawable.h" />
		<Unit filename="include/Lua/L_Input.h" />
		<Unit filename="include/Lua/L_Sound.h" />
		<Unit filename="include/Resource.h" />
		<Unit filename="include/ResourceInterface.h" />
		<Unit filename="include/ResourceManager.h" />
		<Unit filename="main.cpp" />
		<Unit filename="src/Animatable.cpp" />
		<Unit filename="src/Animation.cpp" />
		<Unit filename="src/Drawable.cpp" />
		<Unit filename="src/Global.cpp" />
		<Unit filename="src/InputManager.cpp" />
		<Unit filename="src/LuaState.cpp" />
		<Unit filename="src/Point.cpp" />
		<Unit filename="src/Resource.cpp" />
		<Unit filename="src/ResourceInterface.cpp" />
		<Unit filename="src/ResourceManager.cpp" />
		<Unit filename="src/Sound.cpp" />
		<Extensions>
			<code_completion />
			<envvars />
			<debugger />
		</Extensions>
	</Project>
</CodeBlocks_project_file>
